
Microsoft Visual Studio Solution File, Format Version 12.00
# Visual Studio Version 16
VisualStudioVersion = 16.0.33529.622
MinimumVisualStudioVersion = 10.0.40219.1
Project("{8BC9CEB8-8B4A-11D0-8D11-00A0C91BC942}") = "example_rendering", "Rendering\example_rendering.vcxproj", "{2A7DC889-5D54-453E-BAB8-267DC98FEDE4}"
EndProject
Project("{8BC9CEB8-8B4A-11D0-8D11-00A0C91BC942}") = "example_memory_operations", "GameMemory\example_memory_operations.vcxproj", "{0A181EDB-391C-4DC0-9B50-A974B28C9D7D}"
EndProject
Project("{8BC9CEB8-8B4A-11D0-8D11-00A0C91BC942}") = "example_ee", "EE\example_ee.vcxproj", "{8FF11C6F-C425-4780-8516-940E2A6C788F}"
EndProject
Project("{8BC9CEB8-8B4A-11D0-8D11-00A0C91BC942}") = "examples_iop", "IOP\examples_iop.vcxproj", "{93BF9034-614B-48DB-836B-6EF1F7B8C200}"
EndProject
Project("{8BC9CEB8-8B4A-11D0-8D11-00A0C91BC942}") = "example_game_package", "GamePackage\example_game_package.vcxproj", "{CC99A63D-5675-408C-ACFC-C59B390CEACE}"
EndProject
Global
	GlobalSection(SolutionConfigurationPlatforms) = preSolution
		Debug|x64 = Debug|x64
		Debug|x86 = Debug|x86
		Release|x64 = Release|x64
		Release|x86 = Release|x86
	EndGlobalSection
	GlobalSection(ProjectConfigurationPlatforms) = postSolution
		{2A7DC889-5D54-453E-BAB8-267DC98FEDE4}.Debug|x64.ActiveCfg = Debug|x64
		{2A7DC889-5D54-453E-BAB8-267DC98FEDE4}.Debug|x64.Build.0 = Debug|x64
		{2A7DC889-5D54-453E-BAB8-267DC98FEDE4}.Debug|x86.ActiveCfg = Debug|Win32
		{2A7DC889-5D54-453E-BAB8-267DC98FEDE4}.Debug|x86.Build.0 = Debug|Win32
		{2A7DC889-5D54-453E-BAB8-267DC98FEDE4}.Release|x64.ActiveCfg = Release|x64
		{2A7DC889-5D54-453E-BAB8-267DC98FEDE4}.Release|x64.Build.0 = Release|x64
		{2A7DC889-5D54-453E-BAB8-267DC98FEDE4}.Release|x86.ActiveCfg = Release|Win32
		{2A7DC889-5D54-453E-BAB8-267DC98FEDE4}.Release|x86.Build.0 = Release|Win32
		{0A181EDB-391C-4DC0-9B50-A974B28C9D7D}.Debug|x64.ActiveCfg = Debug|x64
		{0A181EDB-391C-4DC0-9B50-A974B28C9D7D}.Debug|x64.Build.0 = Debug|x64
		{0A181EDB-391C-4DC0-9B50-A974B28C9D7D}.Debug|x86.ActiveCfg = Debug|Win32
		{0A181EDB-391C-4DC0-9B50-A974B28C9D7D}.Debug|x86.Build.0 = Debug|Win32
		{0A181EDB-391C-4DC0-9B50-A974B28C9D7D}.Release|x64.ActiveCfg = Release|x64
		{0A181EDB-391C-4DC0-9B50-A974B28C9D7D}.Release|x64.Build.0 = Release|x64
		{0A181EDB-391C-4DC0-9B50-A974B28C9D7D}.Release|x86.ActiveCfg = Release|Win32
		{0A181EDB-391C-4DC0-9B50-A974B28C9D7D}.Release|x86.Build.0 = Release|Win32
		{8FF11C6F-C425-4780-8516-940E2A6C788F}.Debug|x64.ActiveCfg = Debug|x64
		{8FF11C6F-C425-4780-8516-940E2A6C788F}.Debug|x64.Build.0 = Debug|x64
		{8FF11C6F-C425-4780-8516-940E2A6C788F}.Debug|x86.ActiveCfg = Debug|Win32
		{8FF11C6F-C425-4780-8516-940E2A6C788F}.Debug|x86.Build.0 = Debug|Win32
		{8FF11C6F-C425-4780-8516-940E2A6C788F}.Release|x64.ActiveCfg = Release|x64
		{8FF11C6F-C425-4780-8516-940E2A6C788F}.Release|x64.Build.0 = Release|x64
		{8FF11C6F-C425-4780-8516-940E2A6C788F}.Release|x86.ActiveCfg = Release|Win32
		{8FF11C6F-C425-4780-8516-940E2A6C788F}.Release|x86.Build.0 = Release|Win32
		{93BF9034-614B-48DB-836B-6EF1F7B8C200}.Debug|x64.ActiveCfg = Debug|x64
		{93BF9034-614B-48DB-836B-6EF1F7B8C200}.Debug|x64.Build.0 = Debug|x64
		{93BF9034-614B-48DB-836B-6EF1F7B8C200}.Debug|x86.ActiveCfg = Debug|Win32
		{93BF9034-614B-48DB-836B-6EF1F7B8C200}.Debug|x86.Build.0 = Debug|Win32
		{93BF9034-614B-48DB-836B-6EF1F7B8C200}.Release|x64.ActiveCfg = Release|x64
		{93BF9034-614B-48DB-836B-6EF1F7B8C200}.Release|x64.Build.0 = Release|x64
		{93BF9034-614B-48DB-836B-6EF1F7B8C200}.Release|x86.ActiveCfg = Release|Win32
		{93BF9034-614B-48DB-836B-6EF1F7B8C200}.Release|x86.Build.0 = Release|Win32
		{CC99A63D-5675-408C-ACFC-C59B390CEACE}.Debug|x64.ActiveCfg = Debug|x64
		{CC99A63D-5675-408C-ACFC-C59B390CEACE}.Debug|x64.Build.0 = Debug|x64
		{CC99A63D-5675-408C-ACFC-C59B390CEACE}.Debug|x86.ActiveCfg = Debug|Win32
		{CC99A63D-5675-408C-ACFC-C59B390CEACE}.Debug|x86.Build.0 = Debug|Win32
		{CC99A63D-5675-408C-ACFC-C59B390CEACE}.Release|x64.ActiveCfg = Release|x64
		{CC99A63D-5675-408C-ACFC-C59B390CEACE}.Release|x64.Build.0 = Release|x64
		{CC99A63D-5675-408C-ACFC-C59B390CEACE}.Release|x86.ActiveCfg = Release|Win32
		{CC99A63D-5675-408C-ACFC-C59B390CEACE}.Release|x86.Build.0 = Release|Win32
	EndGlobalSection
	GlobalSection(SolutionProperties) = preSolution
		HideSolutionNode = FALSE
	EndGlobalSection
	GlobalSection(ExtensibilityGlobals) = postSolution
		SolutionGuid = {601CDF47-FB69-4C1F-8BA5-1C05483DD56F}
	EndGlobalSection
EndGlobal
